
Microsoft Visual Studio Solution File, Format Version 12.00
# Visual Studio Version 17
VisualStudioVersion = 17.6.33829.357
MinimumVisualStudioVersion = 10.0.40219.1
Project("{9A19103F-16F7-4668-BE54-9A1E7A4F7556}") = "ShoppingCartAPI", "Shopping_Cart_API\ShoppingCartAPI.csproj", "{7114EDCE-CB1B-42DD-AFBE-D0F79E37A3FE}"
EndProject
Global
	GlobalSection(SolutionConfigurationPlatforms) = preSolution
		Debug|Any CPU = Debug|Any CPU
		Release|Any CPU = Release|Any CPU
	EndGlobalSection
	GlobalSection(ProjectConfigurationPlatforms) = postSolution
		{7114EDCE-CB1B-42DD-AFBE-D0F79E37A3FE}.Debug|Any CPU.ActiveCfg = Debug|Any CPU
		{7114EDCE-CB1B-42DD-AFBE-D0F79E37A3FE}.Debug|Any CPU.Build.0 = Debug|Any CPU
		{7114EDCE-CB1B-42DD-AFBE-D0F79E37A3FE}.Release|Any CPU.ActiveCfg = Release|Any CPU
		{7114EDCE-CB1B-42DD-AFBE-D0F79E37A3FE}.Release|Any CPU.Build.0 = Release|Any CPU
	EndGlobalSection
	GlobalSection(SolutionProperties) = preSolution
		HideSolutionNode = FALSE
	EndGlobalSection
	GlobalSection(ExtensibilityGlobals) = postSolution
		SolutionGuid = {EAA69078-2013-4F6F-9E4B-BEB533C3498D}
	EndGlobalSection
EndGlobal
